
Microsoft Visual Studio Solution File, Format Version 12.00
# Visual Studio Version 16
VisualStudioVersion = 16.0.31025.194
MinimumVisualStudioVersion = 10.0.40219.1
Project("{9A19103F-16F7-4668-BE54-9A1E7A4F7556}") = "OrderProcessor", "OrderProcessor.csproj", "{11596A00-E9C3-45B1-9ED9-5C8C65980E5C}"
EndProject
Project("{9A19103F-16F7-4668-BE54-9A1E7A4F7556}") = "OrderProcessor.BackgroundJobs", "..\OrderProcessor.BackgroundJobs\OrderProcessor.BackgroundJobs.csproj", "{2E27EAAF-AE93-4346-B798-E15F6A6FB758}"
EndProject
Project("{9A19103F-16F7-4668-BE54-9A1E7A4F7556}") = "OrderProcessor.Redis", "..\OrderProcessor.Redis\OrderProcessor.Redis.csproj", "{A2724E15-431D-46EB-9C7E-4BCCA8FFA0DD}"
EndProject
Global
	GlobalSection(SolutionConfigurationPlatforms) = preSolution
		Debug|Any CPU = Debug|Any CPU
		Release|Any CPU = Release|Any CPU
	EndGlobalSection
	GlobalSection(ProjectConfigurationPlatforms) = postSolution
		{11596A00-E9C3-45B1-9ED9-5C8C65980E5C}.Debug|Any CPU.ActiveCfg = Debug|Any CPU
		{11596A00-E9C3-45B1-9ED9-5C8C65980E5C}.Debug|Any CPU.Build.0 = Debug|Any CPU
		{11596A00-E9C3-45B1-9ED9-5C8C65980E5C}.Release|Any CPU.ActiveCfg = Release|Any CPU
		{11596A00-E9C3-45B1-9ED9-5C8C65980E5C}.Release|Any CPU.Build.0 = Release|Any CPU
		{2E27EAAF-AE93-4346-B798-E15F6A6FB758}.Debug|Any CPU.ActiveCfg = Debug|Any CPU
		{2E27EAAF-AE93-4346-B798-E15F6A6FB758}.Debug|Any CPU.Build.0 = Debug|Any CPU
		{2E27EAAF-AE93-4346-B798-E15F6A6FB758}.Release|Any CPU.ActiveCfg = Release|Any CPU
		{2E27EAAF-AE93-4346-B798-E15F6A6FB758}.Release|Any CPU.Build.0 = Release|Any CPU
		{A2724E15-431D-46EB-9C7E-4BCCA8FFA0DD}.Debug|Any CPU.ActiveCfg = Debug|Any CPU
		{A2724E15-431D-46EB-9C7E-4BCCA8FFA0DD}.Debug|Any CPU.Build.0 = Debug|Any CPU
		{A2724E15-431D-46EB-9C7E-4BCCA8FFA0DD}.Release|Any CPU.ActiveCfg = Release|Any CPU
		{A2724E15-431D-46EB-9C7E-4BCCA8FFA0DD}.Release|Any CPU.Build.0 = Release|Any CPU
	EndGlobalSection
	GlobalSection(SolutionProperties) = preSolution
		HideSolutionNode = FALSE
	EndGlobalSection
	GlobalSection(ExtensibilityGlobals) = postSolution
		SolutionGuid = {A410DC2B-DBD3-45C9-971C-E13CD7C80C05}
	EndGlobalSection
EndGlobal
